
Microsoft Visual Studio Solution File, Format Version 12.00
# Visual Studio 15
VisualStudioVersion = 15.0.27130.2027
MinimumVisualStudioVersion = 10.0.40219.1
Project("{FAE04EC0-301F-11D3-BF4B-00C04F79EFBC}") = "Evoland", "Evoland\Evoland.csproj", "{C01D71D1-608E-4B6B-AA57-FED90C50998B}"
EndProject
Project("{FAE04EC0-301F-11D3-BF4B-00C04F79EFBC}") = "Tests", "Tests\Tests.csproj", "{C1A91AEA-F98C-4674-AFA2-B59852370299}"
EndProject
Global
	GlobalSection(SolutionConfigurationPlatforms) = preSolution
		Debug|Any CPU = Debug|Any CPU
		Release|Any CPU = Release|Any CPU
	EndGlobalSection
	GlobalSection(ProjectConfigurationPlatforms) = postSolution
		{C01D71D1-608E-4B6B-AA57-FED90C50998B}.Debug|Any CPU.ActiveCfg = Debug|Any CPU
		{C01D71D1-608E-4B6B-AA57-FED90C50998B}.Debug|Any CPU.Build.0 = Debug|Any CPU
		{C01D71D1-608E-4B6B-AA57-FED90C50998B}.Release|Any CPU.ActiveCfg = Release|Any CPU
		{C01D71D1-608E-4B6B-AA57-FED90C50998B}.Release|Any CPU.Build.0 = Release|Any CPU
		{C1A91AEA-F98C-4674-AFA2-B59852370299}.Debug|Any CPU.ActiveCfg = Debug|Any CPU
		{C1A91AEA-F98C-4674-AFA2-B59852370299}.Debug|Any CPU.Build.0 = Debug|Any CPU
		{C1A91AEA-F98C-4674-AFA2-B59852370299}.Release|Any CPU.ActiveCfg = Release|Any CPU
		{C1A91AEA-F98C-4674-AFA2-B59852370299}.Release|Any CPU.Build.0 = Release|Any CPU
	EndGlobalSection
	GlobalSection(SolutionProperties) = preSolution
		HideSolutionNode = FALSE
	EndGlobalSection
	GlobalSection(ExtensibilityGlobals) = postSolution
		SolutionGuid = {008B9BA0-E673-4E3D-9FE8-6589FE942D2C}
	EndGlobalSection
EndGlobal
